{
  "name": "mock",
  "version": "0.1.0",
  "lockfileVersion": 1,
  "requires": true,
  "dependencies": {
    "@types/qs": {
      "version": "6.5.2",
      "resolved": "https://registry.npmjs.org/@types/qs/-/qs-6.5.2.tgz",
      "integrity": "sha512-47kAAs3yV/hROraCTQYDMh4p/6zI9+gtssjD0kq9OWsGdLcBge59rl49FnCuJ+iWxEKiqFz6KXzeGH5DRVjNJA==",
      "dev": true
    }
  }
}
